
Microsoft Visual Studio Solution File, Format Version 12.00
# Visual Studio Version 16
VisualStudioVersion = 16.0.30523.141
MinimumVisualStudioVersion = 10.0.40219.1
Project("{FAE04EC0-301F-11D3-BF4B-00C04F79EFBC}") = "Chitic__Valentina_Lab8", "Chitic__Valentina_Lab8.csproj", "{D4D58672-15A4-48A4-9820-E1532B732DF4}"
EndProject
Global
	GlobalSection(SolutionConfigurationPlatforms) = preSolution
		Debug|Any CPU = Debug|Any CPU
		Release|Any CPU = Release|Any CPU
	EndGlobalSection
	GlobalSection(ProjectConfigurationPlatforms) = postSolution
		{D4D58672-15A4-48A4-9820-E1532B732DF4}.Debug|Any CPU.ActiveCfg = Debug|Any CPU
		{D4D58672-15A4-48A4-9820-E1532B732DF4}.Debug|Any CPU.Build.0 = Debug|Any CPU
		{D4D58672-15A4-48A4-9820-E1532B732DF4}.Release|Any CPU.ActiveCfg = Release|Any CPU
		{D4D58672-15A4-48A4-9820-E1532B732DF4}.Release|Any CPU.Build.0 = Release|Any CPU
	EndGlobalSection
	GlobalSection(SolutionProperties) = preSolution
		HideSolutionNode = FALSE
	EndGlobalSection
	GlobalSection(ExtensibilityGlobals) = postSolution
		SolutionGuid = {E8432BA6-EE74-4C14-A625-07C2915C6ADB}
	EndGlobalSection
EndGlobal
